
Microsoft Visual Studio Solution File, Format Version 12.00
# Visual Studio Version 17
VisualStudioVersion = 17.7.34302.85
MinimumVisualStudioVersion = 10.0.40219.1
Project("{778DAE3C-4631-46EA-AA77-85C1314464D9}") = "JuliaClr", "Julia\JuliaClr.vbproj", "{699CC162-FB80-4736-BD54-8C071CBFC953}"
EndProject
Project("{2150E333-8FDC-42A3-9474-1A3956D46DE8}") = "framework", "framework", "{04203DA7-510E-4594-9216-87AF55DE384F}"
EndProject
Project("{778DAE3C-4631-46EA-AA77-85C1314464D9}") = "Core", "..\..\GCModeller\src\runtime\sciBASIC#\Microsoft.VisualBasic.Core\src\Core.vbproj", "{4E5F79F7-69F3-4ED7-A315-53C9BE8F50DF}"
EndProject
Project("{778DAE3C-4631-46EA-AA77-85C1314464D9}") = "Rsharp-netcore5", "..\..\GCModeller\src\R-sharp\R#\Rsharp-netcore5.vbproj", "{E8B88659-722A-476E-A68D-C97A4BEFCEA1}"
EndProject
Project("{F184B08F-C81C-45F6-A57F-5ABD9991F28F}") = "test", "test\test.vbproj", "{B61D00B7-B484-44C5-A92E-99A8E1454593}"
EndProject
Project("{2150E333-8FDC-42A3-9474-1A3956D46DE8}") = "renv", "renv", "{EC07664B-28FB-46C8-928F-B7B46B9ECFE5}"
EndProject
Project("{778DAE3C-4631-46EA-AA77-85C1314464D9}") = "R-cmd.NET5", "..\..\GCModeller\src\R-sharp\studio\R-terminal\R-cmd.NET5.vbproj", "{870C13DA-649E-4692-842B-D09CEDE96F82}"
EndProject
Global
	GlobalSection(SolutionConfigurationPlatforms) = preSolution
		Debug|Any CPU = Debug|Any CPU
		Debug|x64 = Debug|x64
		Debug|x86 = Debug|x86
		Docker|Any CPU = Docker|Any CPU
		Docker|x64 = Docker|x64
		Docker|x86 = Docker|x86
		gcmodeller_desktop|Any CPU = gcmodeller_desktop|Any CPU
		gcmodeller_desktop|x64 = gcmodeller_desktop|x64
		gcmodeller_desktop|x86 = gcmodeller_desktop|x86
		LipidSearch|Any CPU = LipidSearch|Any CPU
		LipidSearch|x64 = LipidSearch|x64
		LipidSearch|x86 = LipidSearch|x86
		mzkit_win32|Any CPU = mzkit_win32|Any CPU
		mzkit_win32|x64 = mzkit_win32|x64
		mzkit_win32|x86 = mzkit_win32|x86
		mzkit|Any CPU = mzkit|Any CPU
		mzkit|x64 = mzkit|x64
		mzkit|x86 = mzkit|x86
		NPSearch|Any CPU = NPSearch|Any CPU
		NPSearch|x64 = NPSearch|x64
		NPSearch|x86 = NPSearch|x86
		PlantMAT|Any CPU = PlantMAT|Any CPU
		PlantMAT|x64 = PlantMAT|x64
		PlantMAT|x86 = PlantMAT|x86
		Release|Any CPU = Release|Any CPU
		Release|x64 = Release|x64
		Release|x86 = Release|x86
		Rsharp_app_release|Any CPU = Rsharp_app_release|Any CPU
		Rsharp_app_release|x64 = Rsharp_app_release|x64
		Rsharp_app_release|x86 = Rsharp_app_release|x86
	EndGlobalSection
	GlobalSection(ProjectConfigurationPlatforms) = postSolution
		{699CC162-FB80-4736-BD54-8C071CBFC953}.Debug|Any CPU.ActiveCfg = Debug|Any CPU
		{699CC162-FB80-4736-BD54-8C071CBFC953}.Debug|Any CPU.Build.0 = Debug|Any CPU
		{699CC162-FB80-4736-BD54-8C071CBFC953}.Debug|x64.ActiveCfg = Debug|x64
		{699CC162-FB80-4736-BD54-8C071CBFC953}.Debug|x64.Build.0 = Debug|x64
		{699CC162-FB80-4736-BD54-8C071CBFC953}.Debug|x86.ActiveCfg = Debug|Any CPU
		{699CC162-FB80-4736-BD54-8C071CBFC953}.Debug|x86.Build.0 = Debug|Any CPU
		{699CC162-FB80-4736-BD54-8C071CBFC953}.Docker|Any CPU.ActiveCfg = Debug|Any CPU
		{699CC162-FB80-4736-BD54-8C071CBFC953}.Docker|Any CPU.Build.0 = Debug|Any CPU
		{699CC162-FB80-4736-BD54-8C071CBFC953}.Docker|x64.ActiveCfg = Debug|Any CPU
		{699CC162-FB80-4736-BD54-8C071CBFC953}.Docker|x64.Build.0 = Debug|Any CPU
		{699CC162-FB80-4736-BD54-8C071CBFC953}.Docker|x86.ActiveCfg = Debug|Any CPU
		{699CC162-FB80-4736-BD54-8C071CBFC953}.Docker|x86.Build.0 = Debug|Any CPU
		{699CC162-FB80-4736-BD54-8C071CBFC953}.gcmodeller_desktop|Any CPU.ActiveCfg = Debug|Any CPU
		{699CC162-FB80-4736-BD54-8C071CBFC953}.gcmodeller_desktop|Any CPU.Build.0 = Debug|Any CPU
		{699CC162-FB80-4736-BD54-8C071CBFC953}.gcmodeller_desktop|x64.ActiveCfg = Debug|Any CPU
		{699CC162-FB80-4736-BD54-8C071CBFC953}.gcmodeller_desktop|x64.Build.0 = Debug|Any CPU
		{699CC162-FB80-4736-BD54-8C071CBFC953}.gcmodeller_desktop|x86.ActiveCfg = Debug|Any CPU
		{699CC162-FB80-4736-BD54-8C071CBFC953}.gcmodeller_desktop|x86.Build.0 = Debug|Any CPU
		{699CC162-FB80-4736-BD54-8C071CBFC953}.LipidSearch|Any CPU.ActiveCfg = Debug|Any CPU
		{699CC162-FB80-4736-BD54-8C071CBFC953}.LipidSearch|Any CPU.Build.0 = Debug|Any CPU
		{699CC162-FB80-4736-BD54-8C071CBFC953}.LipidSearch|x64.ActiveCfg = Debug|Any CPU
		{699CC162-FB80-4736-BD54-8C071CBFC953}.LipidSearch|x64.Build.0 = Debug|Any CPU
		{699CC162-FB80-4736-BD54-8C071CBFC953}.LipidSearch|x86.ActiveCfg = Debug|Any CPU
		{699CC162-FB80-4736-BD54-8C071CBFC953}.LipidSearch|x86.Build.0 = Debug|Any CPU
		{699CC162-FB80-4736-BD54-8C071CBFC953}.mzkit_win32|Any CPU.ActiveCfg = Debug|Any CPU
		{699CC162-FB80-4736-BD54-8C071CBFC953}.mzkit_win32|Any CPU.Build.0 = Debug|Any CPU
		{699CC162-FB80-4736-BD54-8C071CBFC953}.mzkit_win32|x64.ActiveCfg = Debug|Any CPU
		{699CC162-FB80-4736-BD54-8C071CBFC953}.mzkit_win32|x64.Build.0 = Debug|Any CPU
		{699CC162-FB80-4736-BD54-8C071CBFC953}.mzkit_win32|x86.ActiveCfg = Debug|Any CPU
		{699CC162-FB80-4736-BD54-8C071CBFC953}.mzkit_win32|x86.Build.0 = Debug|Any CPU
		{699CC162-FB80-4736-BD54-8C071CBFC953}.mzkit|Any CPU.ActiveCfg = Debug|Any CPU
		{699CC162-FB80-4736-BD54-8C071CBFC953}.mzkit|Any CPU.Build.0 = Debug|Any CPU
		{699CC162-FB80-4736-BD54-8C071CBFC953}.mzkit|x64.ActiveCfg = Debug|Any CPU
		{699CC162-FB80-4736-BD54-8C071CBFC953}.mzkit|x64.Build.0 = Debug|Any CPU
		{699CC162-FB80-4736-BD54-8C071CBFC953}.mzkit|x86.ActiveCfg = Debug|Any CPU
		{699CC162-FB80-4736-BD54-8C071CBFC953}.mzkit|x86.Build.0 = Debug|Any CPU
		{699CC162-FB80-4736-BD54-8C071CBFC953}.NPSearch|Any CPU.ActiveCfg = Debug|Any CPU
		{699CC162-FB80-4736-BD54-8C071CBFC953}.NPSearch|Any CPU.Build.0 = Debug|Any CPU
		{699CC162-FB80-4736-BD54-8C071CBFC953}.NPSearch|x64.ActiveCfg = Debug|Any CPU
		{699CC162-FB80-4736-BD54-8C071CBFC953}.NPSearch|x64.Build.0 = Debug|Any CPU
		{699CC162-FB80-4736-BD54-8C071CBFC953}.NPSearch|x86.ActiveCfg = Debug|Any CPU
		{699CC162-FB80-4736-BD54-8C071CBFC953}.NPSearch|x86.Build.0 = Debug|Any CPU
		{699CC162-FB80-4736-BD54-8C071CBFC953}.PlantMAT|Any CPU.ActiveCfg = Debug|Any CPU
		{699CC162-FB80-4736-BD54-8C071CBFC953}.PlantMAT|Any CPU.Build.0 = Debug|Any CPU
		{699CC162-FB80-4736-BD54-8C071CBFC953}.PlantMAT|x64.ActiveCfg = Debug|Any CPU
		{699CC162-FB80-4736-BD54-8C071CBFC953}.PlantMAT|x64.Build.0 = Debug|Any CPU
		{699CC162-FB80-4736-BD54-8C071CBFC953}.PlantMAT|x86.ActiveCfg = Debug|Any CPU
		{699CC162-FB80-4736-BD54-8C071CBFC953}.PlantMAT|x86.Build.0 = Debug|Any CPU
		{699CC162-FB80-4736-BD54-8C071CBFC953}.Release|Any CPU.ActiveCfg = Release|Any CPU
		{699CC162-FB80-4736-BD54-8C071CBFC953}.Release|Any CPU.Build.0 = Release|Any CPU
		{699CC162-FB80-4736-BD54-8C071CBFC953}.Release|x64.ActiveCfg = Release|Any CPU
		{699CC162-FB80-4736-BD54-8C071CBFC953}.Release|x64.Build.0 = Release|Any CPU
		{699CC162-FB80-4736-BD54-8C071CBFC953}.Release|x86.ActiveCfg = Release|Any CPU
		{699CC162-FB80-4736-BD54-8C071CBFC953}.Release|x86.Build.0 = Release|Any CPU
		{699CC162-FB80-4736-BD54-8C071CBFC953}.Rsharp_app_release|Any CPU.ActiveCfg = Release|Any CPU
		{699CC162-FB80-4736-BD54-8C071CBFC953}.Rsharp_app_release|Any CPU.Build.0 = Release|Any CPU
		{699CC162-FB80-4736-BD54-8C071CBFC953}.Rsharp_app_release|x64.ActiveCfg = Release|Any CPU
		{699CC162-FB80-4736-BD54-8C071CBFC953}.Rsharp_app_release|x64.Build.0 = Release|Any CPU
		{699CC162-FB80-4736-BD54-8C071CBFC953}.Rsharp_app_release|x86.ActiveCfg = Release|Any CPU
		{699CC162-FB80-4736-BD54-8C071CBFC953}.Rsharp_app_release|x86.Build.0 = Release|Any CPU
		{4E5F79F7-69F3-4ED7-A315-53C9BE8F50DF}.Debug|Any CPU.ActiveCfg = Debug|Any CPU
		{4E5F79F7-69F3-4ED7-A315-53C9BE8F50DF}.Debug|Any CPU.Build.0 = Debug|Any CPU
		{4E5F79F7-69F3-4ED7-A315-53C9BE8F50DF}.Debug|x64.ActiveCfg = Debug|x64
		{4E5F79F7-69F3-4ED7-A315-53C9BE8F50DF}.Debug|x64.Build.0 = Debug|x64
		{4E5F79F7-69F3-4ED7-A315-53C9BE8F50DF}.Debug|x86.ActiveCfg = Debug|x86
		{4E5F79F7-69F3-4ED7-A315-53C9BE8F50DF}.Debug|x86.Build.0 = Debug|x86
		{4E5F79F7-69F3-4ED7-A315-53C9BE8F50DF}.Docker|Any CPU.ActiveCfg = Docker|Any CPU
		{4E5F79F7-69F3-4ED7-A315-53C9BE8F50DF}.Docker|Any CPU.Build.0 = Docker|Any CPU
		{4E5F79F7-69F3-4ED7-A315-53C9BE8F50DF}.Docker|x64.ActiveCfg = Docker|x64
		{4E5F79F7-69F3-4ED7-A315-53C9BE8F50DF}.Docker|x64.Build.0 = Docker|x64
		{4E5F79F7-69F3-4ED7-A315-53C9BE8F50DF}.Docker|x86.ActiveCfg = Docker|x86
		{4E5F79F7-69F3-4ED7-A315-53C9BE8F50DF}.Docker|x86.Build.0 = Docker|x86
		{4E5F79F7-69F3-4ED7-A315-53C9BE8F50DF}.gcmodeller_desktop|Any CPU.ActiveCfg = gcmodeller_desktop|Any CPU
		{4E5F79F7-69F3-4ED7-A315-53C9BE8F50DF}.gcmodeller_desktop|Any CPU.Build.0 = gcmodeller_desktop|Any CPU
		{4E5F79F7-69F3-4ED7-A315-53C9BE8F50DF}.gcmodeller_desktop|x64.ActiveCfg = gcmodeller_desktop|x64
		{4E5F79F7-69F3-4ED7-A315-53C9BE8F50DF}.gcmodeller_desktop|x64.Build.0 = gcmodeller_desktop|x64
		{4E5F79F7-69F3-4ED7-A315-53C9BE8F50DF}.gcmodeller_desktop|x86.ActiveCfg = gcmodeller_desktop|x86
		{4E5F79F7-69F3-4ED7-A315-53C9BE8F50DF}.gcmodeller_desktop|x86.Build.0 = gcmodeller_desktop|x86
		{4E5F79F7-69F3-4ED7-A315-53C9BE8F50DF}.LipidSearch|Any CPU.ActiveCfg = LipidSearch|Any CPU
		{4E5F79F7-69F3-4ED7-A315-53C9BE8F50DF}.LipidSearch|Any CPU.Build.0 = LipidSearch|Any CPU
		{4E5F79F7-69F3-4ED7-A315-53C9BE8F50DF}.LipidSearch|x64.ActiveCfg = LipidSearch|x64
		{4E5F79F7-69F3-4ED7-A315-53C9BE8F50DF}.LipidSearch|x64.Build.0 = LipidSearch|x64
		{4E5F79F7-69F3-4ED7-A315-53C9BE8F50DF}.LipidSearch|x86.ActiveCfg = LipidSearch|x86
		{4E5F79F7-69F3-4ED7-A315-53C9BE8F50DF}.LipidSearch|x86.Build.0 = LipidSearch|x86
		{4E5F79F7-69F3-4ED7-A315-53C9BE8F50DF}.mzkit_win32|Any CPU.ActiveCfg = mzkit_win32|Any CPU
		{4E5F79F7-69F3-4ED7-A315-53C9BE8F50DF}.mzkit_win32|Any CPU.Build.0 = mzkit_win32|Any CPU
		{4E5F79F7-69F3-4ED7-A315-53C9BE8F50DF}.mzkit_win32|x64.ActiveCfg = mzkit_win32|x64
		{4E5F79F7-69F3-4ED7-A315-53C9BE8F50DF}.mzkit_win32|x64.Build.0 = mzkit_win32|x64
		{4E5F79F7-69F3-4ED7-A315-53C9BE8F50DF}.mzkit_win32|x86.ActiveCfg = mzkit_win32|x86
		{4E5F79F7-69F3-4ED7-A315-53C9BE8F50DF}.mzkit_win32|x86.Build.0 = mzkit_win32|x86
		{4E5F79F7-69F3-4ED7-A315-53C9BE8F50DF}.mzkit|Any CPU.ActiveCfg = mzkit|Any CPU
		{4E5F79F7-69F3-4ED7-A315-53C9BE8F50DF}.mzkit|Any CPU.Build.0 = mzkit|Any CPU
		{4E5F79F7-69F3-4ED7-A315-53C9BE8F50DF}.mzkit|x64.ActiveCfg = mzkit|x64
		{4E5F79F7-69F3-4ED7-A315-53C9BE8F50DF}.mzkit|x64.Build.0 = mzkit|x64
		{4E5F79F7-69F3-4ED7-A315-53C9BE8F50DF}.mzkit|x86.ActiveCfg = mzkit|x86
		{4E5F79F7-69F3-4ED7-A315-53C9BE8F50DF}.mzkit|x86.Build.0 = mzkit|x86
		{4E5F79F7-69F3-4ED7-A315-53C9BE8F50DF}.NPSearch|Any CPU.ActiveCfg = NPSearch|Any CPU
		{4E5F79F7-69F3-4ED7-A315-53C9BE8F50DF}.NPSearch|Any CPU.Build.0 = NPSearch|Any CPU
		{4E5F79F7-69F3-4ED7-A315-53C9BE8F50DF}.NPSearch|x64.ActiveCfg = NPSearch|x64
		{4E5F79F7-69F3-4ED7-A315-53C9BE8F50DF}.NPSearch|x64.Build.0 = NPSearch|x64
		{4E5F79F7-69F3-4ED7-A315-53C9BE8F50DF}.NPSearch|x86.ActiveCfg = NPSearch|x86
		{4E5F79F7-69F3-4ED7-A315-53C9BE8F50DF}.NPSearch|x86.Build.0 = NPSearch|x86
		{4E5F79F7-69F3-4ED7-A315-53C9BE8F50DF}.PlantMAT|Any CPU.ActiveCfg = PlantMAT|Any CPU
		{4E5F79F7-69F3-4ED7-A315-53C9BE8F50DF}.PlantMAT|Any CPU.Build.0 = PlantMAT|Any CPU
		{4E5F79F7-69F3-4ED7-A315-53C9BE8F50DF}.PlantMAT|x64.ActiveCfg = PlantMAT|x64
		{4E5F79F7-69F3-4ED7-A315-53C9BE8F50DF}.PlantMAT|x64.Build.0 = PlantMAT|x64
		{4E5F79F7-69F3-4ED7-A315-53C9BE8F50DF}.PlantMAT|x86.ActiveCfg = PlantMAT|x86
		{4E5F79F7-69F3-4ED7-A315-53C9BE8F50DF}.PlantMAT|x86.Build.0 = PlantMAT|x86
		{4E5F79F7-69F3-4ED7-A315-53C9BE8F50DF}.Release|Any CPU.ActiveCfg = Release|Any CPU
		{4E5F79F7-69F3-4ED7-A315-53C9BE8F50DF}.Release|Any CPU.Build.0 = Release|Any CPU
		{4E5F79F7-69F3-4ED7-A315-53C9BE8F50DF}.Release|x64.ActiveCfg = Release|x64
		{4E5F79F7-69F3-4ED7-A315-53C9BE8F50DF}.Release|x64.Build.0 = Release|x64
		{4E5F79F7-69F3-4ED7-A315-53C9BE8F50DF}.Release|x86.ActiveCfg = Release|x86
		{4E5F79F7-69F3-4ED7-A315-53C9BE8F50DF}.Release|x86.Build.0 = Release|x86
		{4E5F79F7-69F3-4ED7-A315-53C9BE8F50DF}.Rsharp_app_release|Any CPU.ActiveCfg = Rsharp_app_release|Any CPU
		{4E5F79F7-69F3-4ED7-A315-53C9BE8F50DF}.Rsharp_app_release|Any CPU.Build.0 = Rsharp_app_release|Any CPU
		{4E5F79F7-69F3-4ED7-A315-53C9BE8F50DF}.Rsharp_app_release|x64.ActiveCfg = Rsharp_app_release|x64
		{4E5F79F7-69F3-4ED7-A315-53C9BE8F50DF}.Rsharp_app_release|x64.Build.0 = Rsharp_app_release|x64
		{4E5F79F7-69F3-4ED7-A315-53C9BE8F50DF}.Rsharp_app_release|x86.ActiveCfg = Rsharp_app_release|x86
		{4E5F79F7-69F3-4ED7-A315-53C9BE8F50DF}.Rsharp_app_release|x86.Build.0 = Rsharp_app_release|x86
		{E8B88659-722A-476E-A68D-C97A4BEFCEA1}.Debug|Any CPU.ActiveCfg = Debug|Any CPU
		{E8B88659-722A-476E-A68D-C97A4BEFCEA1}.Debug|Any CPU.Build.0 = Debug|Any CPU
		{E8B88659-722A-476E-A68D-C97A4BEFCEA1}.Debug|x64.ActiveCfg = Debug|x64
		{E8B88659-722A-476E-A68D-C97A4BEFCEA1}.Debug|x64.Build.0 = Debug|x64
		{E8B88659-722A-476E-A68D-C97A4BEFCEA1}.Debug|x86.ActiveCfg = Debug|Any CPU
		{E8B88659-722A-476E-A68D-C97A4BEFCEA1}.Debug|x86.Build.0 = Debug|Any CPU
		{E8B88659-722A-476E-A68D-C97A4BEFCEA1}.Docker|Any CPU.ActiveCfg = Debug|Any CPU
		{E8B88659-722A-476E-A68D-C97A4BEFCEA1}.Docker|Any CPU.Build.0 = Debug|Any CPU
		{E8B88659-722A-476E-A68D-C97A4BEFCEA1}.Docker|x64.ActiveCfg = Debug|x64
		{E8B88659-722A-476E-A68D-C97A4BEFCEA1}.Docker|x64.Build.0 = Debug|x64
		{E8B88659-722A-476E-A68D-C97A4BEFCEA1}.Docker|x86.ActiveCfg = Debug|Any CPU
		{E8B88659-722A-476E-A68D-C97A4BEFCEA1}.Docker|x86.Build.0 = Debug|Any CPU
		{E8B88659-722A-476E-A68D-C97A4BEFCEA1}.gcmodeller_desktop|Any CPU.ActiveCfg = gcmodeller_desktop|Any CPU
		{E8B88659-722A-476E-A68D-C97A4BEFCEA1}.gcmodeller_desktop|Any CPU.Build.0 = gcmodeller_desktop|Any CPU
		{E8B88659-722A-476E-A68D-C97A4BEFCEA1}.gcmodeller_desktop|x64.ActiveCfg = gcmodeller_desktop|x64
		{E8B88659-722A-476E-A68D-C97A4BEFCEA1}.gcmodeller_desktop|x64.Build.0 = gcmodeller_desktop|x64
		{E8B88659-722A-476E-A68D-C97A4BEFCEA1}.gcmodeller_desktop|x86.ActiveCfg = gcmodeller_desktop|Any CPU
		{E8B88659-722A-476E-A68D-C97A4BEFCEA1}.gcmodeller_desktop|x86.Build.0 = gcmodeller_desktop|Any CPU
		{E8B88659-722A-476E-A68D-C97A4BEFCEA1}.LipidSearch|Any CPU.ActiveCfg = LipidSearch|Any CPU
		{E8B88659-722A-476E-A68D-C97A4BEFCEA1}.LipidSearch|Any CPU.Build.0 = LipidSearch|Any CPU
		{E8B88659-722A-476E-A68D-C97A4BEFCEA1}.LipidSearch|x64.ActiveCfg = LipidSearch|x64
		{E8B88659-722A-476E-A68D-C97A4BEFCEA1}.LipidSearch|x64.Build.0 = LipidSearch|x64
		{E8B88659-722A-476E-A68D-C97A4BEFCEA1}.LipidSearch|x86.ActiveCfg = LipidSearch|Any CPU
		{E8B88659-722A-476E-A68D-C97A4BEFCEA1}.LipidSearch|x86.Build.0 = LipidSearch|Any CPU
		{E8B88659-722A-476E-A68D-C97A4BEFCEA1}.mzkit_win32|Any CPU.ActiveCfg = mzkit|Any CPU
		{E8B88659-722A-476E-A68D-C97A4BEFCEA1}.mzkit_win32|Any CPU.Build.0 = mzkit|Any CPU
		{E8B88659-722A-476E-A68D-C97A4BEFCEA1}.mzkit_win32|x64.ActiveCfg = mzkit|x64
		{E8B88659-722A-476E-A68D-C97A4BEFCEA1}.mzkit_win32|x64.Build.0 = mzkit|x64
		{E8B88659-722A-476E-A68D-C97A4BEFCEA1}.mzkit_win32|x86.ActiveCfg = mzkit|Any CPU
		{E8B88659-722A-476E-A68D-C97A4BEFCEA1}.mzkit_win32|x86.Build.0 = mzkit|Any CPU
		{E8B88659-722A-476E-A68D-C97A4BEFCEA1}.mzkit|Any CPU.ActiveCfg = mzkit|Any CPU
		{E8B88659-722A-476E-A68D-C97A4BEFCEA1}.mzkit|Any CPU.Build.0 = mzkit|Any CPU
		{E8B88659-722A-476E-A68D-C97A4BEFCEA1}.mzkit|x64.ActiveCfg = mzkit|x64
		{E8B88659-722A-476E-A68D-C97A4BEFCEA1}.mzkit|x64.Build.0 = mzkit|x64
		{E8B88659-722A-476E-A68D-C97A4BEFCEA1}.mzkit|x86.ActiveCfg = mzkit|Any CPU
		{E8B88659-722A-476E-A68D-C97A4BEFCEA1}.mzkit|x86.Build.0 = mzkit|Any CPU
		{E8B88659-722A-476E-A68D-C97A4BEFCEA1}.NPSearch|Any CPU.ActiveCfg = NPSearch|Any CPU
		{E8B88659-722A-476E-A68D-C97A4BEFCEA1}.NPSearch|Any CPU.Build.0 = NPSearch|Any CPU
		{E8B88659-722A-476E-A68D-C97A4BEFCEA1}.NPSearch|x64.ActiveCfg = NPSearch|x64
		{E8B88659-722A-476E-A68D-C97A4BEFCEA1}.NPSearch|x64.Build.0 = NPSearch|x64
		{E8B88659-722A-476E-A68D-C97A4BEFCEA1}.NPSearch|x86.ActiveCfg = NPSearch|Any CPU
		{E8B88659-722A-476E-A68D-C97A4BEFCEA1}.NPSearch|x86.Build.0 = NPSearch|Any CPU
		{E8B88659-722A-476E-A68D-C97A4BEFCEA1}.PlantMAT|Any CPU.ActiveCfg = PlantMAT|Any CPU
		{E8B88659-722A-476E-A68D-C97A4BEFCEA1}.PlantMAT|Any CPU.Build.0 = PlantMAT|Any CPU
		{E8B88659-722A-476E-A68D-C97A4BEFCEA1}.PlantMAT|x64.ActiveCfg = PlantMAT|x64
		{E8B88659-722A-476E-A68D-C97A4BEFCEA1}.PlantMAT|x64.Build.0 = PlantMAT|x64
		{E8B88659-722A-476E-A68D-C97A4BEFCEA1}.PlantMAT|x86.ActiveCfg = PlantMAT|Any CPU
		{E8B88659-722A-476E-A68D-C97A4BEFCEA1}.PlantMAT|x86.Build.0 = PlantMAT|Any CPU
		{E8B88659-722A-476E-A68D-C97A4BEFCEA1}.Release|Any CPU.ActiveCfg = Release|Any CPU
		{E8B88659-722A-476E-A68D-C97A4BEFCEA1}.Release|Any CPU.Build.0 = Release|Any CPU
		{E8B88659-722A-476E-A68D-C97A4BEFCEA1}.Release|x64.ActiveCfg = Release|x64
		{E8B88659-722A-476E-A68D-C97A4BEFCEA1}.Release|x64.Build.0 = Release|x64
		{E8B88659-722A-476E-A68D-C97A4BEFCEA1}.Release|x86.ActiveCfg = Release|Any CPU
		{E8B88659-722A-476E-A68D-C97A4BEFCEA1}.Release|x86.Build.0 = Release|Any CPU
		{E8B88659-722A-476E-A68D-C97A4BEFCEA1}.Rsharp_app_release|Any CPU.ActiveCfg = Rsharp_app_release|Any CPU
		{E8B88659-722A-476E-A68D-C97A4BEFCEA1}.Rsharp_app_release|Any CPU.Build.0 = Rsharp_app_release|Any CPU
		{E8B88659-722A-476E-A68D-C97A4BEFCEA1}.Rsharp_app_release|x64.ActiveCfg = Rsharp_app_release|x64
		{E8B88659-722A-476E-A68D-C97A4BEFCEA1}.Rsharp_app_release|x64.Build.0 = Rsharp_app_release|x64
		{E8B88659-722A-476E-A68D-C97A4BEFCEA1}.Rsharp_app_release|x86.ActiveCfg = Rsharp_app_release|Any CPU
		{E8B88659-722A-476E-A68D-C97A4BEFCEA1}.Rsharp_app_release|x86.Build.0 = Rsharp_app_release|Any CPU
		{B61D00B7-B484-44C5-A92E-99A8E1454593}.Debug|Any CPU.ActiveCfg = Debug|Any CPU
		{B61D00B7-B484-44C5-A92E-99A8E1454593}.Debug|Any CPU.Build.0 = Debug|Any CPU
		{B61D00B7-B484-44C5-A92E-99A8E1454593}.Debug|x64.ActiveCfg = Debug|x64
		{B61D00B7-B484-44C5-A92E-99A8E1454593}.Debug|x64.Build.0 = Debug|x64
		{B61D00B7-B484-44C5-A92E-99A8E1454593}.Debug|x86.ActiveCfg = Debug|Any CPU
		{B61D00B7-B484-44C5-A92E-99A8E1454593}.Debug|x86.Build.0 = Debug|Any CPU
		{B61D00B7-B484-44C5-A92E-99A8E1454593}.Docker|Any CPU.ActiveCfg = Debug|Any CPU
		{B61D00B7-B484-44C5-A92E-99A8E1454593}.Docker|Any CPU.Build.0 = Debug|Any CPU
		{B61D00B7-B484-44C5-A92E-99A8E1454593}.Docker|x64.ActiveCfg = Debug|Any CPU
		{B61D00B7-B484-44C5-A92E-99A8E1454593}.Docker|x64.Build.0 = Debug|Any CPU
		{B61D00B7-B484-44C5-A92E-99A8E1454593}.Docker|x86.ActiveCfg = Debug|Any CPU
		{B61D00B7-B484-44C5-A92E-99A8E1454593}.Docker|x86.Build.0 = Debug|Any CPU
		{B61D00B7-B484-44C5-A92E-99A8E1454593}.gcmodeller_desktop|Any CPU.ActiveCfg = Debug|Any CPU
		{B61D00B7-B484-44C5-A92E-99A8E1454593}.gcmodeller_desktop|Any CPU.Build.0 = Debug|Any CPU
		{B61D00B7-B484-44C5-A92E-99A8E1454593}.gcmodeller_desktop|x64.ActiveCfg = Debug|Any CPU
		{B61D00B7-B484-44C5-A92E-99A8E1454593}.gcmodeller_desktop|x64.Build.0 = Debug|Any CPU
		{B61D00B7-B484-44C5-A92E-99A8E1454593}.gcmodeller_desktop|x86.ActiveCfg = Debug|Any CPU
		{B61D00B7-B484-44C5-A92E-99A8E1454593}.gcmodeller_desktop|x86.Build.0 = Debug|Any CPU
		{B61D00B7-B484-44C5-A92E-99A8E1454593}.LipidSearch|Any CPU.ActiveCfg = Debug|Any CPU
		{B61D00B7-B484-44C5-A92E-99A8E1454593}.LipidSearch|Any CPU.Build.0 = Debug|Any CPU
		{B61D00B7-B484-44C5-A92E-99A8E1454593}.LipidSearch|x64.ActiveCfg = Debug|Any CPU
		{B61D00B7-B484-44C5-A92E-99A8E1454593}.LipidSearch|x64.Build.0 = Debug|Any CPU
		{B61D00B7-B484-44C5-A92E-99A8E1454593}.LipidSearch|x86.ActiveCfg = Debug|Any CPU
		{B61D00B7-B484-44C5-A92E-99A8E1454593}.LipidSearch|x86.Build.0 = Debug|Any CPU
		{B61D00B7-B484-44C5-A92E-99A8E1454593}.mzkit_win32|Any CPU.ActiveCfg = Debug|Any CPU
		{B61D00B7-B484-44C5-A92E-99A8E1454593}.mzkit_win32|Any CPU.Build.0 = Debug|Any CPU
		{B61D00B7-B484-44C5-A92E-99A8E1454593}.mzkit_win32|x64.ActiveCfg = Debug|Any CPU
		{B61D00B7-B484-44C5-A92E-99A8E1454593}.mzkit_win32|x64.Build.0 = Debug|Any CPU
		{B61D00B7-B484-44C5-A92E-99A8E1454593}.mzkit_win32|x86.ActiveCfg = Debug|Any CPU
		{B61D00B7-B484-44C5-A92E-99A8E1454593}.mzkit_win32|x86.Build.0 = Debug|Any CPU
		{B61D00B7-B484-44C5-A92E-99A8E1454593}.mzkit|Any CPU.ActiveCfg = Debug|Any CPU
		{B61D00B7-B484-44C5-A92E-99A8E1454593}.mzkit|Any CPU.Build.0 = Debug|Any CPU
		{B61D00B7-B484-44C5-A92E-99A8E1454593}.mzkit|x64.ActiveCfg = Debug|Any CPU
		{B61D00B7-B484-44C5-A92E-99A8E1454593}.mzkit|x64.Build.0 = Debug|Any CPU
		{B61D00B7-B484-44C5-A92E-99A8E1454593}.mzkit|x86.ActiveCfg = Debug|Any CPU
		{B61D00B7-B484-44C5-A92E-99A8E1454593}.mzkit|x86.Build.0 = Debug|Any CPU
		{B61D00B7-B484-44C5-A92E-99A8E1454593}.NPSearch|Any CPU.ActiveCfg = Debug|Any CPU
		{B61D00B7-B484-44C5-A92E-99A8E1454593}.NPSearch|Any CPU.Build.0 = Debug|Any CPU
		{B61D00B7-B484-44C5-A92E-99A8E1454593}.NPSearch|x64.ActiveCfg = Debug|Any CPU
		{B61D00B7-B484-44C5-A92E-99A8E1454593}.NPSearch|x64.Build.0 = Debug|Any CPU
		{B61D00B7-B484-44C5-A92E-99A8E1454593}.NPSearch|x86.ActiveCfg = Debug|Any CPU
		{B61D00B7-B484-44C5-A92E-99A8E1454593}.NPSearch|x86.Build.0 = Debug|Any CPU
		{B61D00B7-B484-44C5-A92E-99A8E1454593}.PlantMAT|Any CPU.ActiveCfg = Debug|Any CPU
		{B61D00B7-B484-44C5-A92E-99A8E1454593}.PlantMAT|Any CPU.Build.0 = Debug|Any CPU
		{B61D00B7-B484-44C5-A92E-99A8E1454593}.PlantMAT|x64.ActiveCfg = Debug|Any CPU
		{B61D00B7-B484-44C5-A92E-99A8E1454593}.PlantMAT|x64.Build.0 = Debug|Any CPU
		{B61D00B7-B484-44C5-A92E-99A8E1454593}.PlantMAT|x86.ActiveCfg = Debug|Any CPU
		{B61D00B7-B484-44C5-A92E-99A8E1454593}.PlantMAT|x86.Build.0 = Debug|Any CPU
		{B61D00B7-B484-44C5-A92E-99A8E1454593}.Release|Any CPU.ActiveCfg = Release|Any CPU
		{B61D00B7-B484-44C5-A92E-99A8E1454593}.Release|Any CPU.Build.0 = Release|Any CPU
		{B61D00B7-B484-44C5-A92E-99A8E1454593}.Release|x64.ActiveCfg = Release|Any CPU
		{B61D00B7-B484-44C5-A92E-99A8E1454593}.Release|x64.Build.0 = Release|Any CPU
		{B61D00B7-B484-44C5-A92E-99A8E1454593}.Release|x86.ActiveCfg = Release|Any CPU
		{B61D00B7-B484-44C5-A92E-99A8E1454593}.Release|x86.Build.0 = Release|Any CPU
		{B61D00B7-B484-44C5-A92E-99A8E1454593}.Rsharp_app_release|Any CPU.ActiveCfg = Release|Any CPU
		{B61D00B7-B484-44C5-A92E-99A8E1454593}.Rsharp_app_release|Any CPU.Build.0 = Release|Any CPU
		{B61D00B7-B484-44C5-A92E-99A8E1454593}.Rsharp_app_release|x64.ActiveCfg = Release|Any CPU
		{B61D00B7-B484-44C5-A92E-99A8E1454593}.Rsharp_app_release|x64.Build.0 = Release|Any CPU
		{B61D00B7-B484-44C5-A92E-99A8E1454593}.Rsharp_app_release|x86.ActiveCfg = Release|Any CPU
		{B61D00B7-B484-44C5-A92E-99A8E1454593}.Rsharp_app_release|x86.Build.0 = Release|Any CPU
		{870C13DA-649E-4692-842B-D09CEDE96F82}.Debug|Any CPU.ActiveCfg = Debug|Any CPU
		{870C13DA-649E-4692-842B-D09CEDE96F82}.Debug|Any CPU.Build.0 = Debug|Any CPU
		{870C13DA-649E-4692-842B-D09CEDE96F82}.Debug|x64.ActiveCfg = Debug|x64
		{870C13DA-649E-4692-842B-D09CEDE96F82}.Debug|x64.Build.0 = Debug|x64
		{870C13DA-649E-4692-842B-D09CEDE96F82}.Debug|x86.ActiveCfg = Debug|Any CPU
		{870C13DA-649E-4692-842B-D09CEDE96F82}.Debug|x86.Build.0 = Debug|Any CPU
		{870C13DA-649E-4692-842B-D09CEDE96F82}.Docker|Any CPU.ActiveCfg = Debug|Any CPU
		{870C13DA-649E-4692-842B-D09CEDE96F82}.Docker|Any CPU.Build.0 = Debug|Any CPU
		{870C13DA-649E-4692-842B-D09CEDE96F82}.Docker|x64.ActiveCfg = Debug|x64
		{870C13DA-649E-4692-842B-D09CEDE96F82}.Docker|x64.Build.0 = Debug|x64
		{870C13DA-649E-4692-842B-D09CEDE96F82}.Docker|x86.ActiveCfg = Debug|Any CPU
		{870C13DA-649E-4692-842B-D09CEDE96F82}.Docker|x86.Build.0 = Debug|Any CPU
		{870C13DA-649E-4692-842B-D09CEDE96F82}.gcmodeller_desktop|Any CPU.ActiveCfg = gcmodeller_desktop|Any CPU
		{870C13DA-649E-4692-842B-D09CEDE96F82}.gcmodeller_desktop|Any CPU.Build.0 = gcmodeller_desktop|Any CPU
		{870C13DA-649E-4692-842B-D09CEDE96F82}.gcmodeller_desktop|x64.ActiveCfg = gcmodeller_desktop|x64
		{870C13DA-649E-4692-842B-D09CEDE96F82}.gcmodeller_desktop|x64.Build.0 = gcmodeller_desktop|x64
		{870C13DA-649E-4692-842B-D09CEDE96F82}.gcmodeller_desktop|x86.ActiveCfg = gcmodeller_desktop|Any CPU
		{870C13DA-649E-4692-842B-D09CEDE96F82}.gcmodeller_desktop|x86.Build.0 = gcmodeller_desktop|Any CPU
		{870C13DA-649E-4692-842B-D09CEDE96F82}.LipidSearch|Any CPU.ActiveCfg = Debug|Any CPU
		{870C13DA-649E-4692-842B-D09CEDE96F82}.LipidSearch|Any CPU.Build.0 = Debug|Any CPU
		{870C13DA-649E-4692-842B-D09CEDE96F82}.LipidSearch|x64.ActiveCfg = Debug|x64
		{870C13DA-649E-4692-842B-D09CEDE96F82}.LipidSearch|x64.Build.0 = Debug|x64
		{870C13DA-649E-4692-842B-D09CEDE96F82}.LipidSearch|x86.ActiveCfg = Debug|Any CPU
		{870C13DA-649E-4692-842B-D09CEDE96F82}.LipidSearch|x86.Build.0 = Debug|Any CPU
		{870C13DA-649E-4692-842B-D09CEDE96F82}.mzkit_win32|Any CPU.ActiveCfg = mzkit_win32|Any CPU
		{870C13DA-649E-4692-842B-D09CEDE96F82}.mzkit_win32|Any CPU.Build.0 = mzkit_win32|Any CPU
		{870C13DA-649E-4692-842B-D09CEDE96F82}.mzkit_win32|x64.ActiveCfg = mzkit_win32|x64
		{870C13DA-649E-4692-842B-D09CEDE96F82}.mzkit_win32|x64.Build.0 = mzkit_win32|x64
		{870C13DA-649E-4692-842B-D09CEDE96F82}.mzkit_win32|x86.ActiveCfg = mzkit_win32|Any CPU
		{870C13DA-649E-4692-842B-D09CEDE96F82}.mzkit_win32|x86.Build.0 = mzkit_win32|Any CPU
		{870C13DA-649E-4692-842B-D09CEDE96F82}.mzkit|Any CPU.ActiveCfg = mzkit|Any CPU
		{870C13DA-649E-4692-842B-D09CEDE96F82}.mzkit|Any CPU.Build.0 = mzkit|Any CPU
		{870C13DA-649E-4692-842B-D09CEDE96F82}.mzkit|x64.ActiveCfg = mzkit|x64
		{870C13DA-649E-4692-842B-D09CEDE96F82}.mzkit|x64.Build.0 = mzkit|x64
		{870C13DA-649E-4692-842B-D09CEDE96F82}.mzkit|x86.ActiveCfg = mzkit|Any CPU
		{870C13DA-649E-4692-842B-D09CEDE96F82}.mzkit|x86.Build.0 = mzkit|Any CPU
		{870C13DA-649E-4692-842B-D09CEDE96F82}.NPSearch|Any CPU.ActiveCfg = Debug|Any CPU
		{870C13DA-649E-4692-842B-D09CEDE96F82}.NPSearch|Any CPU.Build.0 = Debug|Any CPU
		{870C13DA-649E-4692-842B-D09CEDE96F82}.NPSearch|x64.ActiveCfg = Debug|x64
		{870C13DA-649E-4692-842B-D09CEDE96F82}.NPSearch|x64.Build.0 = Debug|x64
		{870C13DA-649E-4692-842B-D09CEDE96F82}.NPSearch|x86.ActiveCfg = Debug|Any CPU
		{870C13DA-649E-4692-842B-D09CEDE96F82}.NPSearch|x86.Build.0 = Debug|Any CPU
		{870C13DA-649E-4692-842B-D09CEDE96F82}.PlantMAT|Any CPU.ActiveCfg = Debug|Any CPU
		{870C13DA-649E-4692-842B-D09CEDE96F82}.PlantMAT|Any CPU.Build.0 = Debug|Any CPU
		{870C13DA-649E-4692-842B-D09CEDE96F82}.PlantMAT|x64.ActiveCfg = Debug|x64
		{870C13DA-649E-4692-842B-D09CEDE96F82}.PlantMAT|x64.Build.0 = Debug|x64
		{870C13DA-649E-4692-842B-D09CEDE96F82}.PlantMAT|x86.ActiveCfg = Debug|Any CPU
		{870C13DA-649E-4692-842B-D09CEDE96F82}.PlantMAT|x86.Build.0 = Debug|Any CPU
		{870C13DA-649E-4692-842B-D09CEDE96F82}.Release|Any CPU.ActiveCfg = Release|Any CPU
		{870C13DA-649E-4692-842B-D09CEDE96F82}.Release|Any CPU.Build.0 = Release|Any CPU
		{870C13DA-649E-4692-842B-D09CEDE96F82}.Release|x64.ActiveCfg = Release|x64
		{870C13DA-649E-4692-842B-D09CEDE96F82}.Release|x64.Build.0 = Release|x64
		{870C13DA-649E-4692-842B-D09CEDE96F82}.Release|x86.ActiveCfg = Release|Any CPU
		{870C13DA-649E-4692-842B-D09CEDE96F82}.Release|x86.Build.0 = Release|Any CPU
		{870C13DA-649E-4692-842B-D09CEDE96F82}.Rsharp_app_release|Any CPU.ActiveCfg = Rsharp_app_release|Any CPU
		{870C13DA-649E-4692-842B-D09CEDE96F82}.Rsharp_app_release|Any CPU.Build.0 = Rsharp_app_release|Any CPU
		{870C13DA-649E-4692-842B-D09CEDE96F82}.Rsharp_app_release|x64.ActiveCfg = Rsharp_app_release|x64
		{870C13DA-649E-4692-842B-D09CEDE96F82}.Rsharp_app_release|x64.Build.0 = Rsharp_app_release|x64
		{870C13DA-649E-4692-842B-D09CEDE96F82}.Rsharp_app_release|x86.ActiveCfg = Rsharp_app_release|Any CPU
		{870C13DA-649E-4692-842B-D09CEDE96F82}.Rsharp_app_release|x86.Build.0 = Rsharp_app_release|Any CPU
	EndGlobalSection
	GlobalSection(SolutionProperties) = preSolution
		HideSolutionNode = FALSE
	EndGlobalSection
	GlobalSection(NestedProjects) = preSolution
		{4E5F79F7-69F3-4ED7-A315-53C9BE8F50DF} = {04203DA7-510E-4594-9216-87AF55DE384F}
		{E8B88659-722A-476E-A68D-C97A4BEFCEA1} = {EC07664B-28FB-46C8-928F-B7B46B9ECFE5}
		{870C13DA-649E-4692-842B-D09CEDE96F82} = {EC07664B-28FB-46C8-928F-B7B46B9ECFE5}
	EndGlobalSection
	GlobalSection(ExtensibilityGlobals) = postSolution
		SolutionGuid = {AA13E88B-8B85-43BD-A096-4CC12CF5FE44}
	EndGlobalSection
	GlobalSection(SharedMSBuildProjectFiles) = preSolution
		..\..\GCModeller\src\R-sharp\studio\Rstudio.common\Rstudio.common.projitems*{870c13da-649e-4692-842b-d09cede96f82}*SharedItemsImports = 5
	EndGlobalSection
EndGlobal
